
Microsoft Visual Studio Solution File, Format Version 12.00
# Visual Studio Version 16
VisualStudioVersion = 16.0.29326.143
MinimumVisualStudioVersion = 10.0.40219.1
Project("{9A19103F-16F7-4668-BE54-9A1E7A4F7556}") = "BMICalculator", "BMICalculator\BMICalculator.csproj", "{C03AECFD-4B9F-41AC-8D8E-D357D51A4095}"
EndProject
Project("{FAE04EC0-301F-11D3-BF4B-00C04F79EFBC}") = "NUnitTestBMICalculator", "NUnitTestBMICalculator\NUnitTestBMICalculator.csproj", "{6615FBD8-E001-414D-8754-DBA1E6799349}"
EndProject
Global
	GlobalSection(SolutionConfigurationPlatforms) = preSolution
		Debug|Any CPU = Debug|Any CPU
		Release|Any CPU = Release|Any CPU
	EndGlobalSection
	GlobalSection(ProjectConfigurationPlatforms) = postSolution
		{C03AECFD-4B9F-41AC-8D8E-D357D51A4095}.Debug|Any CPU.ActiveCfg = Debug|Any CPU
		{C03AECFD-4B9F-41AC-8D8E-D357D51A4095}.Debug|Any CPU.Build.0 = Debug|Any CPU
		{C03AECFD-4B9F-41AC-8D8E-D357D51A4095}.Release|Any CPU.ActiveCfg = Release|Any CPU
		{C03AECFD-4B9F-41AC-8D8E-D357D51A4095}.Release|Any CPU.Build.0 = Release|Any CPU
		{6615FBD8-E001-414D-8754-DBA1E6799349}.Debug|Any CPU.ActiveCfg = Debug|Any CPU
		{6615FBD8-E001-414D-8754-DBA1E6799349}.Debug|Any CPU.Build.0 = Debug|Any CPU
		{6615FBD8-E001-414D-8754-DBA1E6799349}.Release|Any CPU.ActiveCfg = Release|Any CPU
		{6615FBD8-E001-414D-8754-DBA1E6799349}.Release|Any CPU.Build.0 = Release|Any CPU
	EndGlobalSection
	GlobalSection(SolutionProperties) = preSolution
		HideSolutionNode = FALSE
	EndGlobalSection
	GlobalSection(ExtensibilityGlobals) = postSolution
		SolutionGuid = {023C9662-440C-4E28-8DB7-0746ADBDDE4E}
	EndGlobalSection
EndGlobal
